
Microsoft Visual Studio Solution File, Format Version 11.00
# Visual Studio 2010
Project("{FAE04EC0-301F-11D3-BF4B-00C04F79EFBC}") = "ThomsonReuters.Languages", "ThomsonReuters.Languages\ThomsonReuters.Languages.csproj", "{1373BB97-C55B-4DE3-ADC2-C6308B63242E}"
EndProject
Project("{FAE04EC0-301F-11D3-BF4B-00C04F79EFBC}") = "ThomsonReuters.Languages.UnitTests", "ThomsonReuters.Languages.UnitTests\ThomsonReuters.Languages.UnitTests.csproj", "{FC8CC244-DAF0-4CDB-AB39-BF259CBACF83}"
EndProject
Project("{2150E333-8FDC-42A3-9474-1A3956D46DE8}") = "Solution Items", "Solution Items", "{9579C5B9-3ACD-45A1-8231-1B24A55015CB}"
	ProjectSection(SolutionItems) = preProject
		Work Items.txt = Work Items.txt
	EndProjectSection
EndProject
Project("{FAE04EC0-301F-11D3-BF4B-00C04F79EFBC}") = "ThomsonReuters.CodeGeneration", "ThomsonReuters.CodeGeneration\ThomsonReuters.CodeGeneration.csproj", "{D6A0456B-7629-4A4F-A497-F5031C68C4F2}"
EndProject
Global
	GlobalSection(SolutionConfigurationPlatforms) = preSolution
		Debug|Any CPU = Debug|Any CPU
		Debug|Mixed Platforms = Debug|Mixed Platforms
		Debug|x86 = Debug|x86
		Release|Any CPU = Release|Any CPU
		Release|Mixed Platforms = Release|Mixed Platforms
		Release|x86 = Release|x86
	EndGlobalSection
	GlobalSection(ProjectConfigurationPlatforms) = postSolution
		{1373BB97-C55B-4DE3-ADC2-C6308B63242E}.Debug|Any CPU.ActiveCfg = Debug|Any CPU
		{1373BB97-C55B-4DE3-ADC2-C6308B63242E}.Debug|Any CPU.Build.0 = Debug|Any CPU
		{1373BB97-C55B-4DE3-ADC2-C6308B63242E}.Debug|Mixed Platforms.ActiveCfg = Debug|Any CPU
		{1373BB97-C55B-4DE3-ADC2-C6308B63242E}.Debug|Mixed Platforms.Build.0 = Debug|Any CPU
		{1373BB97-C55B-4DE3-ADC2-C6308B63242E}.Debug|x86.ActiveCfg = Debug|Any CPU
		{1373BB97-C55B-4DE3-ADC2-C6308B63242E}.Release|Any CPU.ActiveCfg = Release|Any CPU
		{1373BB97-C55B-4DE3-ADC2-C6308B63242E}.Release|Any CPU.Build.0 = Release|Any CPU
		{1373BB97-C55B-4DE3-ADC2-C6308B63242E}.Release|Mixed Platforms.ActiveCfg = Release|Any CPU
		{1373BB97-C55B-4DE3-ADC2-C6308B63242E}.Release|Mixed Platforms.Build.0 = Release|Any CPU
		{1373BB97-C55B-4DE3-ADC2-C6308B63242E}.Release|x86.ActiveCfg = Release|Any CPU
		{FC8CC244-DAF0-4CDB-AB39-BF259CBACF83}.Debug|Any CPU.ActiveCfg = Debug|Any CPU
		{FC8CC244-DAF0-4CDB-AB39-BF259CBACF83}.Debug|Any CPU.Build.0 = Debug|Any CPU
		{FC8CC244-DAF0-4CDB-AB39-BF259CBACF83}.Debug|Mixed Platforms.ActiveCfg = Debug|Any CPU
		{FC8CC244-DAF0-4CDB-AB39-BF259CBACF83}.Debug|Mixed Platforms.Build.0 = Debug|Any CPU
		{FC8CC244-DAF0-4CDB-AB39-BF259CBACF83}.Debug|x86.ActiveCfg = Debug|Any CPU
		{FC8CC244-DAF0-4CDB-AB39-BF259CBACF83}.Release|Any CPU.ActiveCfg = Release|Any CPU
		{FC8CC244-DAF0-4CDB-AB39-BF259CBACF83}.Release|Any CPU.Build.0 = Release|Any CPU
		{FC8CC244-DAF0-4CDB-AB39-BF259CBACF83}.Release|Mixed Platforms.ActiveCfg = Release|Any CPU
		{FC8CC244-DAF0-4CDB-AB39-BF259CBACF83}.Release|Mixed Platforms.Build.0 = Release|Any CPU
		{FC8CC244-DAF0-4CDB-AB39-BF259CBACF83}.Release|x86.ActiveCfg = Release|Any CPU
		{D6A0456B-7629-4A4F-A497-F5031C68C4F2}.Debug|Any CPU.ActiveCfg = Debug|Any CPU
		{D6A0456B-7629-4A4F-A497-F5031C68C4F2}.Debug|Any CPU.Build.0 = Debug|Any CPU
		{D6A0456B-7629-4A4F-A497-F5031C68C4F2}.Debug|Mixed Platforms.ActiveCfg = Debug|Any CPU
		{D6A0456B-7629-4A4F-A497-F5031C68C4F2}.Debug|Mixed Platforms.Build.0 = Debug|Any CPU
		{D6A0456B-7629-4A4F-A497-F5031C68C4F2}.Debug|x86.ActiveCfg = Debug|Any CPU
		{D6A0456B-7629-4A4F-A497-F5031C68C4F2}.Release|Any CPU.ActiveCfg = Release|Any CPU
		{D6A0456B-7629-4A4F-A497-F5031C68C4F2}.Release|Any CPU.Build.0 = Release|Any CPU
		{D6A0456B-7629-4A4F-A497-F5031C68C4F2}.Release|Mixed Platforms.ActiveCfg = Release|Any CPU
		{D6A0456B-7629-4A4F-A497-F5031C68C4F2}.Release|Mixed Platforms.Build.0 = Release|Any CPU
		{D6A0456B-7629-4A4F-A497-F5031C68C4F2}.Release|x86.ActiveCfg = Release|Any CPU
	EndGlobalSection
	GlobalSection(SolutionProperties) = preSolution
		HideSolutionNode = FALSE
	EndGlobalSection
EndGlobal
